
Microsoft Visual Studio Solution File, Format Version 12.00
# Visual Studio Version 17
VisualStudioVersion = 17.8.34322.80
MinimumVisualStudioVersion = 10.0.40219.1
Project("{FAE04EC0-301F-11D3-BF4B-00C04F79EFBC}") = "Organ transplant", "Organ transplant.csproj", "{F4A597B6-F4E2-4341-A0B0-921E2233B89D}"
EndProject
Global
	GlobalSection(SolutionConfigurationPlatforms) = preSolution
		Debug|Any CPU = Debug|Any CPU
		Release|Any CPU = Release|Any CPU
	EndGlobalSection
	GlobalSection(ProjectConfigurationPlatforms) = postSolution
		{F4A597B6-F4E2-4341-A0B0-921E2233B89D}.Debug|Any CPU.ActiveCfg = Debug|Any CPU
		{F4A597B6-F4E2-4341-A0B0-921E2233B89D}.Debug|Any CPU.Build.0 = Debug|Any CPU
		{F4A597B6-F4E2-4341-A0B0-921E2233B89D}.Release|Any CPU.ActiveCfg = Release|Any CPU
		{F4A597B6-F4E2-4341-A0B0-921E2233B89D}.Release|Any CPU.Build.0 = Release|Any CPU
	EndGlobalSection
	GlobalSection(SolutionProperties) = preSolution
		HideSolutionNode = FALSE
	EndGlobalSection
	GlobalSection(ExtensibilityGlobals) = postSolution
		SolutionGuid = {A5A09ABC-DADC-4FEA-841C-F0D14FA7649D}
	EndGlobalSection
EndGlobal
